
Microsoft Visual Studio Solution File, Format Version 12.00
# Visual Studio Version 16
VisualStudioVersion = 16.0.31229.75
MinimumVisualStudioVersion = 10.0.40219.1
Project("{2150E333-8FDC-42A3-9474-1A3956D46DE8}") = "Solution Items", "Solution Items", "{411D9772-66FA-4723-BB81-FC5629DD4D9D}"
	ProjectSection(SolutionItems) = preProject
		read.md = read.md
	EndProjectSection
EndProject
Project("{2150E333-8FDC-42A3-9474-1A3956D46DE8}") = "helloworld", "helloworld", "{E9E25C18-D00A-4FE0-A54A-EB6B925F00A2}"
EndProject
Project("{9A19103F-16F7-4668-BE54-9A1E7A4F7556}") = "HelloWorld.Publisher", "helloworld\HelloWorld.Publisher\HelloWorld.Publisher.csproj", "{6C08A437-875E-4E39-8AD9-901DB9E90493}"
EndProject
Project("{9A19103F-16F7-4668-BE54-9A1E7A4F7556}") = "HelloWorld.Subscriber", "helloworld\HelloWorld.Subscriber\HelloWorld.Subscriber.csproj", "{68858908-DDAD-4255-B4BC-C81D4EAB88F0}"
EndProject
Project("{2150E333-8FDC-42A3-9474-1A3956D46DE8}") = "exchanges", "exchanges", "{64FE85C6-5D34-43E3-ADA5-2C7D4C3F91FE}"
EndProject
Project("{2150E333-8FDC-42A3-9474-1A3956D46DE8}") = "fanoutexchange", "fanoutexchange", "{7EEAD4C1-3936-4D4A-AC61-3D4C4C0EA9E3}"
EndProject
Project("{9A19103F-16F7-4668-BE54-9A1E7A4F7556}") = "FanoutExchange.Publisher", "exchanges\fanoutexchange\FanoutExchange.Publisher\FanoutExchange.Publisher.csproj", "{1FD15774-616D-4A60-ACB8-F801B5ECC336}"
EndProject
Project("{9A19103F-16F7-4668-BE54-9A1E7A4F7556}") = "FanoutExchange.Subscriber", "exchanges\fanoutexchange\FanoutExchange.Subscriber\FanoutExchange.Subscriber.csproj", "{95D361E5-1A81-4C05-959F-53F001E5A058}"
EndProject
Project("{2150E333-8FDC-42A3-9474-1A3956D46DE8}") = "directexchange", "directexchange", "{DF13ECE9-5B93-4FF5-8B84-D85EF55E75CB}"
EndProject
Project("{9A19103F-16F7-4668-BE54-9A1E7A4F7556}") = "DirectExchange.Publisher", "exchanges\directexchange\DirectExchange.Publisher\DirectExchange.Publisher.csproj", "{4DF14A01-105E-4013-85A8-4821D1E91BA2}"
EndProject
Project("{9A19103F-16F7-4668-BE54-9A1E7A4F7556}") = "DirectExchange.Subscriber", "exchanges\directexchange\DirectExchange.Subscriber\DirectExchange.Subscriber.csproj", "{B7874AC5-D8E7-4818-80FD-15429E5F6636}"
EndProject
Project("{2150E333-8FDC-42A3-9474-1A3956D46DE8}") = "topicexchange", "topicexchange", "{1FD846EC-3CF8-4A05-AFB1-BB7C0C15C226}"
EndProject
Project("{9A19103F-16F7-4668-BE54-9A1E7A4F7556}") = "TopicExchange.Publisher", "exchanges\topicexchange\TopicExchange.Publisher\TopicExchange.Publisher.csproj", "{7C70D05A-CA9A-4EDB-B96C-80002935ABFB}"
EndProject
Project("{9A19103F-16F7-4668-BE54-9A1E7A4F7556}") = "TopicExchange.Subscriber", "exchanges\topicexchange\TopicExchange.Subscriber\TopicExchange.Subscriber.csproj", "{8EDDB07C-2B53-4009-932A-CC58FA1DDDC9}"
EndProject
Project("{2150E333-8FDC-42A3-9474-1A3956D46DE8}") = "headerexchange", "headerexchange", "{ACDF97E2-B2E9-400D-8265-E2ECA1B76F04}"
EndProject
Project("{9A19103F-16F7-4668-BE54-9A1E7A4F7556}") = "HeaderExchange.Publisher", "exchanges\headerexchange\HeaderExchange.Publisher\HeaderExchange.Publisher.csproj", "{F25DA578-640C-4568-99D1-4DCDC432AC24}"
EndProject
Project("{9A19103F-16F7-4668-BE54-9A1E7A4F7556}") = "HeaderExchange.Subscriber", "exchanges\headerexchange\HeaderExchange.Subscriber\HeaderExchange.Subscriber.csproj", "{924B2963-C3C8-47C1-9FD4-89D2EA40C729}"
EndProject
Project("{2150E333-8FDC-42A3-9474-1A3956D46DE8}") = "samples", "samples", "{EF10CE9A-448B-4BAF-AA72-5B9E631F1DCC}"
EndProject
Project("{2150E333-8FDC-42A3-9474-1A3956D46DE8}") = "watermark", "watermark", "{E37CFE24-180A-452C-932F-65C7E8C00239}"
EndProject
Project("{9A19103F-16F7-4668-BE54-9A1E7A4F7556}") = "WatermarkApp", "samples\watermark\WatermarkApp\WatermarkApp.csproj", "{1DACB93B-B477-42AC-ADF8-3E430B24FAEF}"
EndProject
Project("{2150E333-8FDC-42A3-9474-1A3956D46DE8}") = "excel", "excel", "{AFDEB6D6-16E9-4D08-B1CE-73E622DFF869}"
EndProject
Project("{9A19103F-16F7-4668-BE54-9A1E7A4F7556}") = "ExcelApp", "samples\excel\ExcelApp\ExcelApp.csproj", "{F1FEBCC1-1AB1-4C96-825A-88E22F4809BA}"
EndProject
Project("{FAE04EC0-301F-11D3-BF4B-00C04F79EFBC}") = "ExcelWorkerService", "samples\excel\ExcelWorkerService\ExcelWorkerService.csproj", "{F9E54D47-681A-43E3-95DF-E5893BA794E2}"
EndProject
Global
	GlobalSection(SolutionConfigurationPlatforms) = preSolution
		Debug|Any CPU = Debug|Any CPU
		Release|Any CPU = Release|Any CPU
	EndGlobalSection
	GlobalSection(ProjectConfigurationPlatforms) = postSolution
		{6C08A437-875E-4E39-8AD9-901DB9E90493}.Debug|Any CPU.ActiveCfg = Debug|Any CPU
		{6C08A437-875E-4E39-8AD9-901DB9E90493}.Debug|Any CPU.Build.0 = Debug|Any CPU
		{6C08A437-875E-4E39-8AD9-901DB9E90493}.Release|Any CPU.ActiveCfg = Release|Any CPU
		{6C08A437-875E-4E39-8AD9-901DB9E90493}.Release|Any CPU.Build.0 = Release|Any CPU
		{68858908-DDAD-4255-B4BC-C81D4EAB88F0}.Debug|Any CPU.ActiveCfg = Debug|Any CPU
		{68858908-DDAD-4255-B4BC-C81D4EAB88F0}.Debug|Any CPU.Build.0 = Debug|Any CPU
		{68858908-DDAD-4255-B4BC-C81D4EAB88F0}.Release|Any CPU.ActiveCfg = Release|Any CPU
		{68858908-DDAD-4255-B4BC-C81D4EAB88F0}.Release|Any CPU.Build.0 = Release|Any CPU
		{1FD15774-616D-4A60-ACB8-F801B5ECC336}.Debug|Any CPU.ActiveCfg = Debug|Any CPU
		{1FD15774-616D-4A60-ACB8-F801B5ECC336}.Debug|Any CPU.Build.0 = Debug|Any CPU
		{1FD15774-616D-4A60-ACB8-F801B5ECC336}.Release|Any CPU.ActiveCfg = Release|Any CPU
		{1FD15774-616D-4A60-ACB8-F801B5ECC336}.Release|Any CPU.Build.0 = Release|Any CPU
		{95D361E5-1A81-4C05-959F-53F001E5A058}.Debug|Any CPU.ActiveCfg = Debug|Any CPU
		{95D361E5-1A81-4C05-959F-53F001E5A058}.Debug|Any CPU.Build.0 = Debug|Any CPU
		{95D361E5-1A81-4C05-959F-53F001E5A058}.Release|Any CPU.ActiveCfg = Release|Any CPU
		{95D361E5-1A81-4C05-959F-53F001E5A058}.Release|Any CPU.Build.0 = Release|Any CPU
		{4DF14A01-105E-4013-85A8-4821D1E91BA2}.Debug|Any CPU.ActiveCfg = Debug|Any CPU
		{4DF14A01-105E-4013-85A8-4821D1E91BA2}.Debug|Any CPU.Build.0 = Debug|Any CPU
		{4DF14A01-105E-4013-85A8-4821D1E91BA2}.Release|Any CPU.ActiveCfg = Release|Any CPU
		{4DF14A01-105E-4013-85A8-4821D1E91BA2}.Release|Any CPU.Build.0 = Release|Any CPU
		{B7874AC5-D8E7-4818-80FD-15429E5F6636}.Debug|Any CPU.ActiveCfg = Debug|Any CPU
		{B7874AC5-D8E7-4818-80FD-15429E5F6636}.Debug|Any CPU.Build.0 = Debug|Any CPU
		{B7874AC5-D8E7-4818-80FD-15429E5F6636}.Release|Any CPU.ActiveCfg = Release|Any CPU
		{B7874AC5-D8E7-4818-80FD-15429E5F6636}.Release|Any CPU.Build.0 = Release|Any CPU
		{7C70D05A-CA9A-4EDB-B96C-80002935ABFB}.Debug|Any CPU.ActiveCfg = Debug|Any CPU
		{7C70D05A-CA9A-4EDB-B96C-80002935ABFB}.Debug|Any CPU.Build.0 = Debug|Any CPU
		{7C70D05A-CA9A-4EDB-B96C-80002935ABFB}.Release|Any CPU.ActiveCfg = Release|Any CPU
		{7C70D05A-CA9A-4EDB-B96C-80002935ABFB}.Release|Any CPU.Build.0 = Release|Any CPU
		{8EDDB07C-2B53-4009-932A-CC58FA1DDDC9}.Debug|Any CPU.ActiveCfg = Debug|Any CPU
		{8EDDB07C-2B53-4009-932A-CC58FA1DDDC9}.Debug|Any CPU.Build.0 = Debug|Any CPU
		{8EDDB07C-2B53-4009-932A-CC58FA1DDDC9}.Release|Any CPU.ActiveCfg = Release|Any CPU
		{8EDDB07C-2B53-4009-932A-CC58FA1DDDC9}.Release|Any CPU.Build.0 = Release|Any CPU
		{F25DA578-640C-4568-99D1-4DCDC432AC24}.Debug|Any CPU.ActiveCfg = Debug|Any CPU
		{F25DA578-640C-4568-99D1-4DCDC432AC24}.Debug|Any CPU.Build.0 = Debug|Any CPU
		{F25DA578-640C-4568-99D1-4DCDC432AC24}.Release|Any CPU.ActiveCfg = Release|Any CPU
		{F25DA578-640C-4568-99D1-4DCDC432AC24}.Release|Any CPU.Build.0 = Release|Any CPU
		{924B2963-C3C8-47C1-9FD4-89D2EA40C729}.Debug|Any CPU.ActiveCfg = Debug|Any CPU
		{924B2963-C3C8-47C1-9FD4-89D2EA40C729}.Debug|Any CPU.Build.0 = Debug|Any CPU
		{924B2963-C3C8-47C1-9FD4-89D2EA40C729}.Release|Any CPU.ActiveCfg = Release|Any CPU
		{924B2963-C3C8-47C1-9FD4-89D2EA40C729}.Release|Any CPU.Build.0 = Release|Any CPU
		{1DACB93B-B477-42AC-ADF8-3E430B24FAEF}.Debug|Any CPU.ActiveCfg = Debug|Any CPU
		{1DACB93B-B477-42AC-ADF8-3E430B24FAEF}.Debug|Any CPU.Build.0 = Debug|Any CPU
		{1DACB93B-B477-42AC-ADF8-3E430B24FAEF}.Release|Any CPU.ActiveCfg = Release|Any CPU
		{1DACB93B-B477-42AC-ADF8-3E430B24FAEF}.Release|Any CPU.Build.0 = Release|Any CPU
		{F1FEBCC1-1AB1-4C96-825A-88E22F4809BA}.Debug|Any CPU.ActiveCfg = Debug|Any CPU
		{F1FEBCC1-1AB1-4C96-825A-88E22F4809BA}.Debug|Any CPU.Build.0 = Debug|Any CPU
		{F1FEBCC1-1AB1-4C96-825A-88E22F4809BA}.Release|Any CPU.ActiveCfg = Release|Any CPU
		{F1FEBCC1-1AB1-4C96-825A-88E22F4809BA}.Release|Any CPU.Build.0 = Release|Any CPU
		{F9E54D47-681A-43E3-95DF-E5893BA794E2}.Debug|Any CPU.ActiveCfg = Debug|Any CPU
		{F9E54D47-681A-43E3-95DF-E5893BA794E2}.Debug|Any CPU.Build.0 = Debug|Any CPU
		{F9E54D47-681A-43E3-95DF-E5893BA794E2}.Release|Any CPU.ActiveCfg = Release|Any CPU
		{F9E54D47-681A-43E3-95DF-E5893BA794E2}.Release|Any CPU.Build.0 = Release|Any CPU
	EndGlobalSection
	GlobalSection(SolutionProperties) = preSolution
		HideSolutionNode = FALSE
	EndGlobalSection
	GlobalSection(NestedProjects) = preSolution
		{6C08A437-875E-4E39-8AD9-901DB9E90493} = {E9E25C18-D00A-4FE0-A54A-EB6B925F00A2}
		{68858908-DDAD-4255-B4BC-C81D4EAB88F0} = {E9E25C18-D00A-4FE0-A54A-EB6B925F00A2}
		{7EEAD4C1-3936-4D4A-AC61-3D4C4C0EA9E3} = {64FE85C6-5D34-43E3-ADA5-2C7D4C3F91FE}
		{1FD15774-616D-4A60-ACB8-F801B5ECC336} = {7EEAD4C1-3936-4D4A-AC61-3D4C4C0EA9E3}
		{95D361E5-1A81-4C05-959F-53F001E5A058} = {7EEAD4C1-3936-4D4A-AC61-3D4C4C0EA9E3}
		{DF13ECE9-5B93-4FF5-8B84-D85EF55E75CB} = {64FE85C6-5D34-43E3-ADA5-2C7D4C3F91FE}
		{4DF14A01-105E-4013-85A8-4821D1E91BA2} = {DF13ECE9-5B93-4FF5-8B84-D85EF55E75CB}
		{B7874AC5-D8E7-4818-80FD-15429E5F6636} = {DF13ECE9-5B93-4FF5-8B84-D85EF55E75CB}
		{1FD846EC-3CF8-4A05-AFB1-BB7C0C15C226} = {64FE85C6-5D34-43E3-ADA5-2C7D4C3F91FE}
		{7C70D05A-CA9A-4EDB-B96C-80002935ABFB} = {1FD846EC-3CF8-4A05-AFB1-BB7C0C15C226}
		{8EDDB07C-2B53-4009-932A-CC58FA1DDDC9} = {1FD846EC-3CF8-4A05-AFB1-BB7C0C15C226}
		{ACDF97E2-B2E9-400D-8265-E2ECA1B76F04} = {64FE85C6-5D34-43E3-ADA5-2C7D4C3F91FE}
		{F25DA578-640C-4568-99D1-4DCDC432AC24} = {ACDF97E2-B2E9-400D-8265-E2ECA1B76F04}
		{924B2963-C3C8-47C1-9FD4-89D2EA40C729} = {ACDF97E2-B2E9-400D-8265-E2ECA1B76F04}
		{E37CFE24-180A-452C-932F-65C7E8C00239} = {EF10CE9A-448B-4BAF-AA72-5B9E631F1DCC}
		{1DACB93B-B477-42AC-ADF8-3E430B24FAEF} = {E37CFE24-180A-452C-932F-65C7E8C00239}
		{AFDEB6D6-16E9-4D08-B1CE-73E622DFF869} = {EF10CE9A-448B-4BAF-AA72-5B9E631F1DCC}
		{F1FEBCC1-1AB1-4C96-825A-88E22F4809BA} = {AFDEB6D6-16E9-4D08-B1CE-73E622DFF869}
		{F9E54D47-681A-43E3-95DF-E5893BA794E2} = {AFDEB6D6-16E9-4D08-B1CE-73E622DFF869}
	EndGlobalSection
	GlobalSection(ExtensibilityGlobals) = postSolution
		SolutionGuid = {EBF5CE94-EC56-449C-9604-90DC6C73DE40}
	EndGlobalSection
EndGlobal
